# This file was autogenerated by Stack.
# You should not edit this file by hand.
# For more information, please see the documentation at:
#   https://docs.haskellstack.org/en/stable/topics/lock_files

packages:
- completed:
    hackage: lexer-applicative-2.1.0.2@sha256:44f71ecb10a50838a5cfd254bc0ede46bb9dcd32897da378c54c43e513229663,1427
    pantry-tree:
      sha256: a880d699c16aac75ce5db249f03aeee1aa6a61adcf290efc51166c19b932cd3e
      size: 389
  original:
    hackage: lexer-applicative-2.1.0.2
- completed:
    hackage: lsp-2.7.0.1@sha256:a91eef4b0f6296a501ecbf1f2f4bbadccfe97e52e6739ace76631eb2907e01d3,4033
    pantry-tree:
      sha256: 6209ef465e4c0be8323c1f59c456dfa8112459ca7152d21e34cdc39c1d978fcb
      size: 1120
  original:
    hackage: lsp-2.7.0.1@sha256:a91eef4b0f6296a501ecbf1f2f4bbadccfe97e52e6739ace76631eb2907e01d3,4033
- completed:
    hackage: lsp-types-2.3.0.1@sha256:a5497aa4ae7b27d956df8dab701495d3062b88eee52e3a6c65fc13fa28b7b191,34230
    pantry-tree:
      sha256: 43a62dda4f23c2551943011a2f150427d0d1bf7193d30d9ec76e581153d60397
      size: 51996
  original:
    hackage: lsp-types-2.3.0.1@sha256:a5497aa4ae7b27d956df8dab701495d3062b88eee52e3a6c65fc13fa28b7b191,34230
- completed:
    hackage: dependent-map-0.4.0.0@sha256:7468acfc6d97f36380bb9350cd5279747be8ce1e80d3b71ba65ea94b6e9858a2,1715
    pantry-tree:
      sha256: 615d47ec1d650c81847f2d62f249561f8732617a7210392a193762af669f61b1
      size: 551
  original:
    hackage: dependent-map-0.4.0.0@sha256:7468acfc6d97f36380bb9350cd5279747be8ce1e80d3b71ba65ea94b6e9858a2,1715
- completed:
    hackage: dependent-sum-0.7.2.0@sha256:f1060345439b6949eae5a6b3cdb35c7189ff360f7b4d5fa617e4f1e0f847c424,2148
    pantry-tree:
      sha256: b287bbf533eebd4e11ac349f4741b04132c59e3717d34fe1521fa0b41b8aeceb
      size: 290
  original:
    hackage: dependent-sum-0.7.2.0@sha256:f1060345439b6949eae5a6b3cdb35c7189ff360f7b4d5fa617e4f1e0f847c424,2148
- completed:
    hackage: dependent-sum-template-0.2.0.2@sha256:ba563412208bd099a347223dcf9b37df75dfe8a0c9491d6f2d509c6d09691169,2208
    pantry-tree:
      sha256: 1423dd639639143cb30e1ea46982542f4fb78a22094fb12b2fe5fc33e3c78a78
      size: 548
  original:
    hackage: dependent-sum-template-0.2.0.2@sha256:ba563412208bd099a347223dcf9b37df75dfe8a0c9491d6f2d509c6d09691169,2208
- completed:
    hackage: unliftio-core-0.2.1.0@sha256:f6a2736f858b5390d9384dca43d3ea4d96e9ca17217791791ca4951ba6e8072a,996
    pantry-tree:
      sha256: a585417c216bb1a20be0b53a62b6fed6891ff4e30872ec2d706c144eac81e2ec
      size: 327
  original:
    hackage: unliftio-core-0.2.1.0@sha256:f6a2736f858b5390d9384dca43d3ea4d96e9ca17217791791ca4951ba6e8072a,996
- completed:
    hackage: constraints-extras-0.4.0.2@sha256:5c901e2103d0e3238b29beb2751d20b67c6945749be553d38dd80b3490c57a63,2011
    pantry-tree:
      sha256: 6d8bb047b9c2ebc8f1b1af84ae5e8f6d9454a4b03827a3dd468a54e9296c1891
      size: 595
  original:
    hackage: constraints-extras-0.4.0.2@sha256:5c901e2103d0e3238b29beb2751d20b67c6945749be553d38dd80b3490c57a63,2011
- completed:
    hackage: sbv-8.17@sha256:3e36afa44ee597b213843495e666d88e604e429f0fcec1bbca05ae847bb752a2,29096
    pantry-tree:
      sha256: 569fce0cd577b91104a56bab058140978a3c35ab723a602d1b5370c151c95d9f
      size: 64220
  original:
    hackage: sbv-8.17@sha256:3e36afa44ee597b213843495e666d88e604e429f0fcec1bbca05ae847bb752a2,29096
- completed:
    hackage: libBF-0.6.3@sha256:ad38e44a038b8da62c82a58b8a762331097569c27a5978258caed8b28cda73e2,1770
    pantry-tree:
      sha256: ec79a086512a8526e825787a4ab2afbd4aba33cc0092a631e3426864beda0aeb
      size: 761
  original:
    hackage: libBF-0.6.3@sha256:ad38e44a038b8da62c82a58b8a762331097569c27a5978258caed8b28cda73e2,1770
- completed:
    hackage: megaparsec-9.7.0@sha256:77e331b4240385974e68d1f8d5ca9014274983cc9ccb8caced743d360c3a409f,3407
    pantry-tree:
      sha256: b8e50b0a933e7d5a0859179203f1dda677fcd57749164168adbd3c815ce733a8
      size: 1612
  original:
    hackage: megaparsec-9.7.0@sha256:77e331b4240385974e68d1f8d5ca9014274983cc9ccb8caced743d360c3a409f,3407
- completed:
    hackage: scientific-0.3.8.0@sha256:ba83a6701dd0110138443757aca4a42786afa94272b73045ef878fd860d1732e,4397
    pantry-tree:
      sha256: 02072bd4195ad8a74135690f2c94f8ddee5d60d3f6fb1774794bb07a58fbcfd8
      size: 657
  original:
    hackage: scientific-0.3.8.0@sha256:ba83a6701dd0110138443757aca4a42786afa94272b73045ef878fd860d1732e,4397
- completed:
    hackage: primitive-0.9.1.0@sha256:dfdd6572944c11e69208237dd32a2eb9d975b4f4e9064a7b8dc952cb0e256846,3119
    pantry-tree:
      sha256: bb4a27a63645ef32b7533869c303b16ae9dd58962ccaa86bebe1c06fd7e18301
      size: 1793
  original:
    hackage: primitive-0.9.1.0@sha256:dfdd6572944c11e69208237dd32a2eb9d975b4f4e9064a7b8dc952cb0e256846,3119
- completed:
    hackage: constraints-0.14.2@sha256:381a53e9d5aad937644d13b5c2c4fcc3698aeba2f83945a42100c6324e0ea8e7,2384
    pantry-tree:
      sha256: 0ce81bffd1abb02033b3ea6b3e857071584c375338e48c7b9f9a54c55b816198
      size: 993
  original:
    hackage: constraints-0.14.2@sha256:381a53e9d5aad937644d13b5c2c4fcc3698aeba2f83945a42100c6324e0ea8e7,2384
snapshots:
- completed:
    sha256: 468e1afa06cd069e57554f10e84fdf1ac5e8893e3eefc503ef837e2449f7e60c
    size: 726310
    url: https://raw.githubusercontent.com/commercialhaskell/stackage-snapshots/master/lts/24/11.yaml
  original: lts-24.11
